
Microsoft Visual Studio Solution File, Format Version 12.00
# Visual Studio Version 16
VisualStudioVersion = 25.0.1700.3
MinimumVisualStudioVersion = 10.0.40219.1
Project("{FAE04EC0-301F-11D3-BF4B-00C04F79EFBC}") = "Todoist", "Todoist\Todoist.csproj", "{07AECF25-0A30-4EF9-A0F3-F9274E997904}"
EndProject
Global
	GlobalSection(SolutionConfigurationPlatforms) = preSolution
		Debug|Any CPU = Debug|Any CPU
		Release|Any CPU = Release|Any CPU
	EndGlobalSection
	GlobalSection(ProjectConfigurationPlatforms) = postSolution
		{07AECF25-0A30-4EF9-A0F3-F9274E997904}.Debug|Any CPU.ActiveCfg = Debug|Any CPU
		{07AECF25-0A30-4EF9-A0F3-F9274E997904}.Debug|Any CPU.Build.0 = Debug|Any CPU
		{07AECF25-0A30-4EF9-A0F3-F9274E997904}.Release|Any CPU.ActiveCfg = Release|Any CPU
		{07AECF25-0A30-4EF9-A0F3-F9274E997904}.Release|Any CPU.Build.0 = Release|Any CPU
	EndGlobalSection
	GlobalSection(SolutionProperties) = preSolution
		HideSolutionNode = FALSE
	EndGlobalSection
	GlobalSection(ExtensibilityGlobals) = postSolution
		SolutionGuid = {DF82FAD5-AA5D-4E49-AD77-8BCF949E7D40}
	EndGlobalSection
EndGlobal
